
Microsoft Visual Studio Solution File, Format Version 12.00
Project("{FAE04EC0-301F-11D3-BF4B-00C04F79EFBC}") = "AbaScript", "AbaScript\AbaScript.csproj", "{2A855502-3DF6-4791-8882-C0C04FB1F5B0}"
EndProject
Project("{FAE04EC0-301F-11D3-BF4B-00C04F79EFBC}") = "Tests", "Tests\Tests.csproj", "{93A32A08-BF94-46D3-AD69-72BEC5A3D43E}"
EndProject
Global
	GlobalSection(SolutionConfigurationPlatforms) = preSolution
		Debug|Any CPU = Debug|Any CPU
		Release|Any CPU = Release|Any CPU
	EndGlobalSection
	GlobalSection(ProjectConfigurationPlatforms) = postSolution
		{2A855502-3DF6-4791-8882-C0C04FB1F5B0}.Debug|Any CPU.ActiveCfg = Debug|Any CPU
		{2A855502-3DF6-4791-8882-C0C04FB1F5B0}.Debug|Any CPU.Build.0 = Debug|Any CPU
		{2A855502-3DF6-4791-8882-C0C04FB1F5B0}.Release|Any CPU.ActiveCfg = Release|Any CPU
		{2A855502-3DF6-4791-8882-C0C04FB1F5B0}.Release|Any CPU.Build.0 = Release|Any CPU
		{93A32A08-BF94-46D3-AD69-72BEC5A3D43E}.Debug|Any CPU.ActiveCfg = Debug|Any CPU
		{93A32A08-BF94-46D3-AD69-72BEC5A3D43E}.Debug|Any CPU.Build.0 = Debug|Any CPU
		{93A32A08-BF94-46D3-AD69-72BEC5A3D43E}.Release|Any CPU.ActiveCfg = Release|Any CPU
		{93A32A08-BF94-46D3-AD69-72BEC5A3D43E}.Release|Any CPU.Build.0 = Release|Any CPU
	EndGlobalSection
EndGlobal
